{
  "name": "root-scoped",
  "version": "1.0.0",
  "lockfileVersion": 2,
  "requires": true,
  "packages": {
    "": {
      "name": "root-scoped",
      "version": "1.0.0",
      "dependencies": {
        "@dataform/core": "3.0.59",
        "dfv-parent-scoped": "https://storage.googleapis.com/df-wsvar-21978909140-023642-27edb8/dfv-parent-scoped.tgz"
      }
    },
    "node_modules/@dataform/core": {
      "version": "3.0.59",
      "resolved": "https://registry.npmjs.org/@dataform/core/-/core-3.0.59.tgz",
      "integrity": "sha512-1WmH3TB4ZxbTJQtRF63iLSPblLOyskzs6+pDSg+1LkEreAw6GWhQ2f4C2ASHQUo5MMdAHPOLL68lJ9fhGp8SCQ=="
    },
    "node_modules/@dfv/scope-child": {
      "resolved": "node_modules/dfv-parent-scoped/packages/scope-child",
      "link": true
    },
    "node_modules/dfv-parent-scoped": {
      "version": "1.0.0",
      "resolved": "https://storage.googleapis.com/df-wsvar-21978909140-023642-27edb8/dfv-parent-scoped.tgz",
      "integrity": "sha512-FxCNTBc3IEai44p/mr3HBsGD+6KNEYqnI/M8a0zTGcGldCLkPy1fUskdRIk04C1/KGPxsoE4MKVWmXvHPXGmqQ==",
      "workspaces": [
        "packages/*"
      ],
      "dependencies": {
        "@dfv/scope-child": "file:packages/scope-child"
      }
    },
    "node_modules/dfv-parent-scoped/packages/scope-child": {}
  },
  "dependencies": {
    "@dataform/core": {
      "version": "3.0.59",
      "resolved": "https://registry.npmjs.org/@dataform/core/-/core-3.0.59.tgz",
      "integrity": "sha512-1WmH3TB4ZxbTJQtRF63iLSPblLOyskzs6+pDSg+1LkEreAw6GWhQ2f4C2ASHQUo5MMdAHPOLL68lJ9fhGp8SCQ=="
    },
    "@dfv/scope-child": {
      "version": "file:node_modules/dfv-parent-scoped/packages/scope-child"
    },
    "dfv-parent-scoped": {
      "version": "https://storage.googleapis.com/df-wsvar-21978909140-023642-27edb8/dfv-parent-scoped.tgz",
      "integrity": "sha512-FxCNTBc3IEai44p/mr3HBsGD+6KNEYqnI/M8a0zTGcGldCLkPy1fUskdRIk04C1/KGPxsoE4MKVWmXvHPXGmqQ==",
      "requires": {
        "@dfv/scope-child": "file:packages/scope-child"
      }
    }
  }
}
