{
  "name": "root-baseline",
  "version": "1.0.0",
  "lockfileVersion": 2,
  "requires": true,
  "packages": {
    "": {
      "name": "root-baseline",
      "version": "1.0.0",
      "dependencies": {
        "@dataform/core": "3.0.59",
        "dfv-parent-baseline": "https://storage.googleapis.com/df-wsvar-21978909140-023642-27edb8/dfv-parent-baseline.tgz"
      }
    },
    "node_modules/@dataform/core": {
      "version": "3.0.59",
      "resolved": "https://registry.npmjs.org/@dataform/core/-/core-3.0.59.tgz",
      "integrity": "sha512-1WmH3TB4ZxbTJQtRF63iLSPblLOyskzs6+pDSg+1LkEreAw6GWhQ2f4C2ASHQUo5MMdAHPOLL68lJ9fhGp8SCQ=="
    },
    "node_modules/dfv-child-baseline": {
      "resolved": "node_modules/dfv-parent-baseline/packages/ws-child",
      "link": true
    },
    "node_modules/dfv-parent-baseline": {
      "version": "1.0.0",
      "resolved": "https://storage.googleapis.com/df-wsvar-21978909140-023642-27edb8/dfv-parent-baseline.tgz",
      "integrity": "sha512-1wU3PalCDBPU+X+aRpCbK6qQLSkWqmJTWVQ26Y2Fxo5qlJdPfrp1t3HnMfN6f3qFrXBxxm1WNZrag/AFhUGR3A==",
      "workspaces": [
        "packages/*"
      ],
      "dependencies": {
        "dfv-child-baseline": "file:packages/ws-child"
      }
    },
    "node_modules/dfv-parent-baseline/packages/ws-child": {}
  },
  "dependencies": {
    "@dataform/core": {
      "version": "3.0.59",
      "resolved": "https://registry.npmjs.org/@dataform/core/-/core-3.0.59.tgz",
      "integrity": "sha512-1WmH3TB4ZxbTJQtRF63iLSPblLOyskzs6+pDSg+1LkEreAw6GWhQ2f4C2ASHQUo5MMdAHPOLL68lJ9fhGp8SCQ=="
    },
    "dfv-child-baseline": {
      "version": "file:node_modules/dfv-parent-baseline/packages/ws-child"
    },
    "dfv-parent-baseline": {
      "version": "https://storage.googleapis.com/df-wsvar-21978909140-023642-27edb8/dfv-parent-baseline.tgz",
      "integrity": "sha512-1wU3PalCDBPU+X+aRpCbK6qQLSkWqmJTWVQ26Y2Fxo5qlJdPfrp1t3HnMfN6f3qFrXBxxm1WNZrag/AFhUGR3A==",
      "requires": {
        "dfv-child-baseline": "file:packages/ws-child"
      }
    }
  }
}
