{
  "name": "root-dot",
  "version": "1.0.0",
  "lockfileVersion": 2,
  "requires": true,
  "packages": {
    "": {
      "name": "root-dot",
      "version": "1.0.0",
      "dependencies": {
        "@dataform/core": "3.0.59",
        "dfv-parent-dot": "https://storage.googleapis.com/df-wsvar-21978909140-024322-b85d2c/dfv-parent-dot.tgz"
      }
    },
    "node_modules/@dataform/core": {
      "version": "3.0.59",
      "resolved": "https://registry.npmjs.org/@dataform/core/-/core-3.0.59.tgz",
      "integrity": "sha512-1WmH3TB4ZxbTJQtRF63iLSPblLOyskzs6+pDSg+1LkEreAw6GWhQ2f4C2ASHQUo5MMdAHPOLL68lJ9fhGp8SCQ=="
    },
    "node_modules/dfv-dot-alias": {
      "resolved": "node_modules/dfv-parent-dot",
      "link": true
    },
    "node_modules/dfv-parent-dot": {
      "version": "1.0.0",
      "resolved": "https://storage.googleapis.com/df-wsvar-21978909140-024322-b85d2c/dfv-parent-dot.tgz",
      "integrity": "sha512-QvOucs4Pg249+Jv1rFX7hf06ChnFSfX1RVTcZCbTbpUOrBwCFjPDi0drVBzVufBSnT5X6iEXGrNHXqMCeZ3F7w==",
      "workspaces": [
        "."
      ],
      "dependencies": {
        "dfv-dot-alias": "file:."
      }
    }
  },
  "dependencies": {
    "@dataform/core": {
      "version": "3.0.59",
      "resolved": "https://registry.npmjs.org/@dataform/core/-/core-3.0.59.tgz",
      "integrity": "sha512-1WmH3TB4ZxbTJQtRF63iLSPblLOyskzs6+pDSg+1LkEreAw6GWhQ2f4C2ASHQUo5MMdAHPOLL68lJ9fhGp8SCQ=="
    },
    "dfv-dot-alias": {
      "version": "file:node_modules/dfv-parent-dot",
      "integrity": "sha512-QvOucs4Pg249+Jv1rFX7hf06ChnFSfX1RVTcZCbTbpUOrBwCFjPDi0drVBzVufBSnT5X6iEXGrNHXqMCeZ3F7w==",
      "requires": {
        "dfv-dot-alias": "file:"
      }
    },
    "dfv-parent-dot": {
      "version": "https://storage.googleapis.com/df-wsvar-21978909140-024322-b85d2c/dfv-parent-dot.tgz",
      "integrity": "sha512-QvOucs4Pg249+Jv1rFX7hf06ChnFSfX1RVTcZCbTbpUOrBwCFjPDi0drVBzVufBSnT5X6iEXGrNHXqMCeZ3F7w==",
      "requires": {
        "dfv-dot-alias": "file:"
      }
    }
  }
}
